{
  "pins" : [
    {
      "identity" : "alamofire",
      "kind" : "remoteSourceControl",
      "location" : "https://github.com/Alamofire/Alamofire",
      "state" : {
        "revision" : "354dda32d89fc8cd4f5c46487f64957d355f53d8",
        "version" : "5.6.1"
      }
    },
    {
      "identity" : "bluesocket",
      "kind" : "remoteSourceControl",
      "location" : "https://github.com/Kitura/BlueSocket.git",
      "state" : {
        "revision" : "dd924c3bc2c1c144c42b8dda3896f1a03115ded4",
        "version" : "2.0.2"
      }
    },
    {
      "identity" : "bluesslservice",
      "kind" : "remoteSourceControl",
      "location" : "https://github.com/Kitura/BlueSSLService.git",
      "state" : {
        "revision" : "c249988fb748749739144e7f554710552acdc0bd",
        "version" : "2.0.1"
      }
    },
    {
      "identity" : "swift-argument-parser",
      "kind" : "remoteSourceControl",
      "location" : "https://github.com/apple/swift-argument-parser",
      "state" : {
        "revision" : "6b2aa2748a7881eebb9f84fb10c01293e15b52ca",
        "version" : "0.5.0"
      }
    },
    {
      "identity" : "swift-crypto",
      "kind" : "remoteSourceControl",
      "location" : "https://github.com/apple/swift-crypto.git",
      "state" : {
        "revision" : "067254c79435de759aeef4a6a03e43d087d61312",
        "version" : "2.0.5"
      }
    },
    {
      "identity" : "swift-nio",
      "kind" : "remoteSourceControl",
      "location" : "https://github.com/apple/swift-nio.git",
      "state" : {
        "revision" : "d6e3762e0a5f7ede652559f53623baf11006e17c",
        "version" : "2.39.0"
      }
    }
  ],
  "version" : 2
}
